
Microsoft Visual Studio Solution File, Format Version 12.00
# Visual Studio Version 17
VisualStudioVersion = 17.1.32210.238
MinimumVisualStudioVersion = 10.0.40219.1
Project("{FAE04EC0-301F-11D3-BF4B-00C04F79EFBC}") = "hafta_15_ders_2", "hafta_15_ders_2\hafta_15_ders_2.csproj", "{EA43BB8F-8B4C-4E8A-8FA6-5BC45B8C1DFC}"
EndProject
Project("{FAE04EC0-301F-11D3-BF4B-00C04F79EFBC}") = "AdoDAL", "AdoDAL\AdoDAL.csproj", "{E08FED8E-2472-4FD1-BBF1-2EC35B1D5C79}"
EndProject
Project("{FAE04EC0-301F-11D3-BF4B-00C04F79EFBC}") = "AdoEntity", "AdoEntity\AdoEntity.csproj", "{BE7A61B2-77B7-4E83-A8BF-8AECE4E86174}"
EndProject
Global
	GlobalSection(SolutionConfigurationPlatforms) = preSolution
		Debug|Any CPU = Debug|Any CPU
		Release|Any CPU = Release|Any CPU
	EndGlobalSection
	GlobalSection(ProjectConfigurationPlatforms) = postSolution
		{EA43BB8F-8B4C-4E8A-8FA6-5BC45B8C1DFC}.Debug|Any CPU.ActiveCfg = Debug|Any CPU
		{EA43BB8F-8B4C-4E8A-8FA6-5BC45B8C1DFC}.Debug|Any CPU.Build.0 = Debug|Any CPU
		{EA43BB8F-8B4C-4E8A-8FA6-5BC45B8C1DFC}.Release|Any CPU.ActiveCfg = Release|Any CPU
		{EA43BB8F-8B4C-4E8A-8FA6-5BC45B8C1DFC}.Release|Any CPU.Build.0 = Release|Any CPU
		{E08FED8E-2472-4FD1-BBF1-2EC35B1D5C79}.Debug|Any CPU.ActiveCfg = Debug|Any CPU
		{E08FED8E-2472-4FD1-BBF1-2EC35B1D5C79}.Debug|Any CPU.Build.0 = Debug|Any CPU
		{E08FED8E-2472-4FD1-BBF1-2EC35B1D5C79}.Release|Any CPU.ActiveCfg = Release|Any CPU
		{E08FED8E-2472-4FD1-BBF1-2EC35B1D5C79}.Release|Any CPU.Build.0 = Release|Any CPU
		{BE7A61B2-77B7-4E83-A8BF-8AECE4E86174}.Debug|Any CPU.ActiveCfg = Debug|Any CPU
		{BE7A61B2-77B7-4E83-A8BF-8AECE4E86174}.Debug|Any CPU.Build.0 = Debug|Any CPU
		{BE7A61B2-77B7-4E83-A8BF-8AECE4E86174}.Release|Any CPU.ActiveCfg = Release|Any CPU
		{BE7A61B2-77B7-4E83-A8BF-8AECE4E86174}.Release|Any CPU.Build.0 = Release|Any CPU
	EndGlobalSection
	GlobalSection(SolutionProperties) = preSolution
		HideSolutionNode = FALSE
	EndGlobalSection
	GlobalSection(ExtensibilityGlobals) = postSolution
		SolutionGuid = {6BE316FD-E34C-4F0F-8DA7-7D9B3B167EC2}
	EndGlobalSection
EndGlobal
